<?xml version="1.0" encoding="utf-8"?>
<Project ToolsVersion="4.0" xmlns="http://schemas.microsoft.com/developer/msbuild/2003">
  <ItemGroup>
    <Filter Include="Header Files">
      <UniqueIdentifier>{a837e3f8-f793-4f10-8fc3-31f7abd66f7c}</UniqueIdentifier>
    </Filter>
    <Filter Include="Source Files">
      <UniqueIdentifier>{0a9e22bb-3755-4a18-bbd9-135b62bb09fc}</UniqueIdentifier>
    </Filter>
    <Filter Include="Header Files\Resource Management">
      <UniqueIdentifier>{a54c9b96-a741-4019-a08a-9b0010ced6b0}</UniqueIdentifier>
    </Filter>
    <Filter Include="Source Files\Resource Management">
      <UniqueIdentifier>{50efc779-14e0-4777-a4d3-2ee302b10f09}</UniqueIdentifier>
    </Filter>
    <Filter Include="Source Files\SDL Render">
      <UniqueIdentifier>{86e40c0a-881e-43b2-bdd8-ab60b288265c}</UniqueIdentifier>
    </Filter>
    <Filter Include="Header Files\SDL Render">
      <UniqueIdentifier>{587eae44-3ae4-4937-adee-fb582b0ad35a}</UniqueIdentifier>
    </Filter>
    <Filter Include="Source Files\GUI">
      <UniqueIdentifier>{e3bc7b08-b3a3-46ae-99f8-7651c0e1e3f9}</UniqueIdentifier>
    </Filter>
    <Filter Include="Header Files\GUI">
      <UniqueIdentifier>{56515301-3e11-4313-b6bc-763a3cc0af19}</UniqueIdentifier>
    </Filter>
    <Filter Include="Header Files\Utilities">
      <UniqueIdentifier>{82515f70-37a4-4333-b380-8ee1381e0e0c}</UniqueIdentifier>
    </Filter>
    <Filter Include="Source Files\Utilities">
      <UniqueIdentifier>{04dc3acb-8858-4b52-b058-bfa73c637f54}</UniqueIdentifier>
    </Filter>
    <Filter Include="Source Files\Menus">
      <UniqueIdentifier>{ea7d6f6a-32d0-4560-8911-a0ad1a50f250}</UniqueIdentifier>
    </Filter>
    <Filter Include="Header Files\Menus">
      <UniqueIdentifier>{7888f554-878d-4c5e-ae69-68f74202d176}</UniqueIdentifier>
    </Filter>
    <Filter Include="Header Files\Game States">
      <UniqueIdentifier>{d93096c4-9cfc-4fb7-b9fa-18c20e7898e4}</UniqueIdentifier>
    </Filter>
    <Filter Include="Source Files\Game States">
      <UniqueIdentifier>{21f68723-e77b-4d31-8b7e-d015545a81cd}</UniqueIdentifier>
    </Filter>
  </ItemGroup>
  <ItemGroup>
    <ClInclude Include="Source\entity.h">
      <Filter>Header Files</Filter>
    </ClInclude>
    <ClInclude Include="Source\game.h">
      <Filter>Header Files</Filter>
    </ClInclude>
    <ClInclude Include="Source\inputhandler.h">
      <Filter>Header Files</Filter>
    </ClInclude>
    <ClInclude Include="Source\logmanager.h">
      <Filter>Header Files</Filter>
    </ClInclude>
    <ClInclude Include="Source\Resource Management\font.h">
      <Filter>Header Files\Resource Management</Filter>
    </ClInclude>
    <ClInclude Include="Source\Resource Management\fontmanager.h">
      <Filter>Header Files\Resource Management</Filter>
    </ClInclude>
    <ClInclude Include="Source\Resource Management\ini.h">
      <Filter>Header Files\Resource Management</Filter>
    </ClInclude>
    <ClInclude Include="Source\Resource Management\inimanager.h">
      <Filter>Header Files\Resource Management</Filter>
    </ClInclude>
    <ClInclude Include="Source\Resource Management\iniparser.h">
      <Filter>Header Files\Resource Management</Filter>
    </ClInclude>
    <ClInclude Include="Source\Resource Management\managerinterface.h">
      <Filter>Header Files\Resource Management</Filter>
    </ClInclude>
    <ClInclude Include="Source\Resource Management\objectpool.h">
      <Filter>Header Files\Resource Management</Filter>
    </ClInclude>
    <ClInclude Include="Source\Resource Management\resourcemanager.h">
      <Filter>Header Files\Resource Management</Filter>
    </ClInclude>
    <ClInclude Include="Source\Resource Management\text.h">
      <Filter>Header Files\Resource Management</Filter>
    </ClInclude>
    <ClInclude Include="Source\Resource Management\texture.h">
      <Filter>Header Files\Resource Management</Filter>
    </ClInclude>
    <ClInclude Include="Source\Resource Management\texturemanager.h">
      <Filter>Header Files\Resource Management</Filter>
    </ClInclude>
    <ClInclude Include="Source\Resource Management\textures.h">
      <Filter>Header Files\Resource Management</Filter>
    </ClInclude>
    <ClInclude Include="Source\player.h">
      <Filter>Header Files</Filter>
    </ClInclude>
    <ClInclude Include="Source\GUI\button.h">
      <Filter>Header Files\GUI</Filter>
    </ClInclude>
    <ClInclude Include="Source\GUI\image.h">
      <Filter>Header Files\GUI</Filter>
    </ClInclude>
    <ClInclude Include="Source\GUI\label.h">
      <Filter>Header Files\GUI</Filter>
    </ClInclude>
    <ClInclude Include="Source\GUI\uielement.h">
      <Filter>Header Files\GUI</Filter>
    </ClInclude>
    <ClInclude Include="Source\Utilities\gameutils.h">
      <Filter>Header Files\Utilities</Filter>
    </ClInclude>
    <ClInclude Include="Source\SDL Render\backbuffer.h">
      <Filter>Header Files\SDL Render</Filter>
    </ClInclude>
    <ClInclude Include="Source\SDL Render\sprite.h">
      <Filter>Header Files\SDL Render</Filter>
    </ClInclude>
    <ClInclude Include="Source\Menus\menu.h">
      <Filter>Header Files\Menus</Filter>
    </ClInclude>
    <ClInclude Include="Source\Menus\splashscreen.h">
      <Filter>Header Files\Menus</Filter>
    </ClInclude>
    <ClInclude Include="Source\Game States\gamemenustate.h">
      <Filter>Header Files\Game States</Filter>
    </ClInclude>
    <ClInclude Include="Source\Game States\gamestate.h">
      <Filter>Header Files\Game States</Filter>
    </ClInclude>
    <ClInclude Include="Source\Game States\menustate.h">
      <Filter>Header Files\Game States</Filter>
    </ClInclude>
    <ClInclude Include="Source\Game States\state.h">
      <Filter>Header Files\Game States</Filter>
    </ClInclude>
  </ItemGroup>
  <ItemGroup>
    <ClCompile Include="Source\entity.cpp">
      <Filter>Source Files</Filter>
    </ClCompile>
    <ClCompile Include="Source\game.cpp">
      <Filter>Source Files</Filter>
    </ClCompile>
    <ClCompile Include="Source\inputhandler.cpp">
      <Filter>Source Files</Filter>
    </ClCompile>
    <ClCompile Include="Source\logmanager.cpp">
      <Filter>Source Files</Filter>
    </ClCompile>
    <ClCompile Include="Source\main.cpp">
      <Filter>Source Files</Filter>
    </ClCompile>
    <ClCompile Include="Source\Resource Management\fontmanager.cpp">
      <Filter>Source Files\Resource Management</Filter>
    </ClCompile>
    <ClCompile Include="Source\Resource Management\inimanager.cpp">
      <Filter>Source Files\Resource Management</Filter>
    </ClCompile>
    <ClCompile Include="Source\Resource Management\iniparser.cpp">
      <Filter>Source Files\Resource Management</Filter>
    </ClCompile>
    <ClCompile Include="Source\Resource Management\managerinterface.cpp">
      <Filter>Source Files\Resource Management</Filter>
    </ClCompile>
    <ClCompile Include="Source\Resource Management\resourcemanager.cpp">
      <Filter>Source Files\Resource Management</Filter>
    </ClCompile>
    <ClCompile Include="Source\Resource Management\text.cpp">
      <Filter>Source Files\Resource Management</Filter>
    </ClCompile>
    <ClCompile Include="Source\Resource Management\texture.cpp">
      <Filter>Source Files\Resource Management</Filter>
    </ClCompile>
    <ClCompile Include="Source\Resource Management\texturemanager.cpp">
      <Filter>Source Files\Resource Management</Filter>
    </ClCompile>
    <ClCompile Include="Source\player.cpp">
      <Filter>Source Files</Filter>
    </ClCompile>
    <ClCompile Include="Source\GUI\button.cpp">
      <Filter>Source Files\GUI</Filter>
    </ClCompile>
    <ClCompile Include="Source\GUI\image.cpp">
      <Filter>Source Files\GUI</Filter>
    </ClCompile>
    <ClCompile Include="Source\GUI\label.cpp">
      <Filter>Source Files\GUI</Filter>
    </ClCompile>
    <ClCompile Include="Source\GUI\uielement.cpp">
      <Filter>Source Files\GUI</Filter>
    </ClCompile>
    <ClCompile Include="Source\Utilities\gameutils.cpp">
      <Filter>Source Files\Utilities</Filter>
    </ClCompile>
    <ClCompile Include="Source\SDL Render\backbuffer.cpp">
      <Filter>Source Files\SDL Render</Filter>
    </ClCompile>
    <ClCompile Include="Source\SDL Render\sprite.cpp">
      <Filter>Source Files\SDL Render</Filter>
    </ClCompile>
    <ClCompile Include="Source\Menus\menu.cpp">
      <Filter>Source Files\Menus</Filter>
    </ClCompile>
    <ClCompile Include="Source\Menus\splashscreen.cpp">
      <Filter>Source Files\Menus</Filter>
    </ClCompile>
    <ClCompile Include="Source\Game States\gamemenustate.cpp">
      <Filter>Source Files\Game States</Filter>
    </ClCompile>
    <ClCompile Include="Source\Game States\gamestate.cpp">
      <Filter>Source Files\Game States</Filter>
    </ClCompile>
    <ClCompile Include="Source\Game States\menustate.cpp">
      <Filter>Source Files\Game States</Filter>
    </ClCompile>
    <ClCompile Include="Source\Game States\state.cpp">
      <Filter>Source Files\Game States</Filter>
    </ClCompile>
  </ItemGroup>
</Project>