<?xml version="1.0" encoding="utf-8"?>
<Project ToolsVersion="4.0" xmlns="http://schemas.microsoft.com/developer/msbuild/2003">
  <ItemGroup>
    <Filter Include="Header Files">
      <UniqueIdentifier>{a837e3f8-f793-4f10-8fc3-31f7abd66f7c}</UniqueIdentifier>
    </Filter>
    <Filter Include="Source Files">
      <UniqueIdentifier>{0a9e22bb-3755-4a18-bbd9-135b62bb09fc}</UniqueIdentifier>
    </Filter>
    <Filter Include="Header Files\Resource Management">
      <UniqueIdentifier>{a54c9b96-a741-4019-a08a-9b0010ced6b0}</UniqueIdentifier>
    </Filter>
    <Filter Include="Source Files\Resource Management">
      <UniqueIdentifier>{50efc779-14e0-4777-a4d3-2ee302b10f09}</UniqueIdentifier>
    </Filter>
  </ItemGroup>
  <ItemGroup>
    <ClInclude Include="Source\backbuffer.h">
      <Filter>Header Files</Filter>
    </ClInclude>
    <ClInclude Include="Source\entity.h">
      <Filter>Header Files</Filter>
    </ClInclude>
    <ClInclude Include="Source\game.h">
      <Filter>Header Files</Filter>
    </ClInclude>
    <ClInclude Include="Source\inputhandler.h">
      <Filter>Header Files</Filter>
    </ClInclude>
    <ClInclude Include="Source\logmanager.h">
      <Filter>Header Files</Filter>
    </ClInclude>
    <ClInclude Include="Source\sprite.h">
      <Filter>Header Files</Filter>
    </ClInclude>
    <ClInclude Include="Source\Resource Management\font.h">
      <Filter>Header Files\Resource Management</Filter>
    </ClInclude>
    <ClInclude Include="Source\Resource Management\fontmanager.h">
      <Filter>Header Files\Resource Management</Filter>
    </ClInclude>
    <ClInclude Include="Source\Resource Management\ini.h">
      <Filter>Header Files\Resource Management</Filter>
    </ClInclude>
    <ClInclude Include="Source\Resource Management\inimanager.h">
      <Filter>Header Files\Resource Management</Filter>
    </ClInclude>
    <ClInclude Include="Source\Resource Management\iniparser.h">
      <Filter>Header Files\Resource Management</Filter>
    </ClInclude>
    <ClInclude Include="Source\Resource Management\managerinterface.h">
      <Filter>Header Files\Resource Management</Filter>
    </ClInclude>
    <ClInclude Include="Source\Resource Management\objectpool.h">
      <Filter>Header Files\Resource Management</Filter>
    </ClInclude>
    <ClInclude Include="Source\Resource Management\resourcemanager.h">
      <Filter>Header Files\Resource Management</Filter>
    </ClInclude>
    <ClInclude Include="Source\Resource Management\text.h">
      <Filter>Header Files\Resource Management</Filter>
    </ClInclude>
    <ClInclude Include="Source\Resource Management\texture.h">
      <Filter>Header Files\Resource Management</Filter>
    </ClInclude>
    <ClInclude Include="Source\Resource Management\texturemanager.h">
      <Filter>Header Files\Resource Management</Filter>
    </ClInclude>
    <ClInclude Include="Source\Resource Management\textures.h">
      <Filter>Header Files\Resource Management</Filter>
    </ClInclude>
    <ClInclude Include="Source\gameutils.h">
      <Filter>Header Files</Filter>
    </ClInclude>
    <ClInclude Include="Source\player.h">
      <Filter>Header Files</Filter>
    </ClInclude>
  </ItemGroup>
  <ItemGroup>
    <ClCompile Include="Source\backbuffer.cpp">
      <Filter>Source Files</Filter>
    </ClCompile>
    <ClCompile Include="Source\entity.cpp">
      <Filter>Source Files</Filter>
    </ClCompile>
    <ClCompile Include="Source\game.cpp">
      <Filter>Source Files</Filter>
    </ClCompile>
    <ClCompile Include="Source\inputhandler.cpp">
      <Filter>Source Files</Filter>
    </ClCompile>
    <ClCompile Include="Source\logmanager.cpp">
      <Filter>Source Files</Filter>
    </ClCompile>
    <ClCompile Include="Source\main.cpp">
      <Filter>Source Files</Filter>
    </ClCompile>
    <ClCompile Include="Source\sprite.cpp">
      <Filter>Source Files</Filter>
    </ClCompile>
    <ClCompile Include="Source\Resource Management\fontmanager.cpp">
      <Filter>Source Files\Resource Management</Filter>
    </ClCompile>
    <ClCompile Include="Source\Resource Management\inimanager.cpp">
      <Filter>Source Files\Resource Management</Filter>
    </ClCompile>
    <ClCompile Include="Source\Resource Management\iniparser.cpp">
      <Filter>Source Files\Resource Management</Filter>
    </ClCompile>
    <ClCompile Include="Source\Resource Management\managerinterface.cpp">
      <Filter>Source Files\Resource Management</Filter>
    </ClCompile>
    <ClCompile Include="Source\Resource Management\resourcemanager.cpp">
      <Filter>Source Files\Resource Management</Filter>
    </ClCompile>
    <ClCompile Include="Source\Resource Management\text.cpp">
      <Filter>Source Files\Resource Management</Filter>
    </ClCompile>
    <ClCompile Include="Source\Resource Management\texture.cpp">
      <Filter>Source Files\Resource Management</Filter>
    </ClCompile>
    <ClCompile Include="Source\Resource Management\texturemanager.cpp">
      <Filter>Source Files\Resource Management</Filter>
    </ClCompile>
    <ClCompile Include="Source\gameutils.cpp">
      <Filter>Source Files</Filter>
    </ClCompile>
    <ClCompile Include="Source\player.cpp">
      <Filter>Source Files</Filter>
    </ClCompile>
  </ItemGroup>
</Project>